// !$*UTF8*$!
{
	archiveVersion = 1;
	classes = {
	};
	objectVersion = 48;
	objects = {

/* Begin PBXBuildFile section */
		1872533B1FF2895700CECD5B /* AppDelegate.swift in Sources */ = {isa = PBXBuildFile; fileRef = 1872533A1FF2895700CECD5B /* AppDelegate.swift */; };
		1872533D1FF2895700CECD5B /* ViewController.swift in Sources */ = {isa = PBXBuildFile; fileRef = 1872533C1FF2895700CECD5B /* ViewController.swift */; };
		187253401FF2895700CECD5B /* Main.storyboard in Resources */ = {isa = PBXBuildFile; fileRef = 1872533E1FF2895700CECD5B /* Main.storyboard */; };
		187253421FF2895700CECD5B /* Assets.xcassets in Resources */ = {isa = PBXBuildFile; fileRef = 187253411FF2895700CECD5B /* Assets.xcassets */; };
		187253451FF2895700CECD5B /* LaunchScreen.storyboard in Resources */ = {isa = PBXBuildFile; fileRef = 187253431FF2895700CECD5B /* LaunchScreen.storyboard */; };
		187253501FF2895700CECD5B /* WeatherTests.swift in Sources */ = {isa = PBXBuildFile; fileRef = 1872534F1FF2895700CECD5B /* WeatherTests.swift */; };
		1872535B1FF2895700CECD5B /* WeatherUITests.swift in Sources */ = {isa = PBXBuildFile; fileRef = 1872535A1FF2895700CECD5B /* WeatherUITests.swift */; };
		18C47BED1FF28B8400D2FCB3 /* Forecast.swift in Sources */ = {isa = PBXBuildFile; fileRef = 18C47BEC1FF28B8400D2FCB3 /* Forecast.swift */; };
		18C47BEF1FF297D000D2FCB3 /* Forecast+Codable.swift in Sources */ = {isa = PBXBuildFile; fileRef = 18C47BEE1FF297D000D2FCB3 /* Forecast+Codable.swift */; };
		18C47BF11FF298ED00D2FCB3 /* ForecastTests.swift in Sources */ = {isa = PBXBuildFile; fileRef = 18C47BF01FF298ED00D2FCB3 /* ForecastTests.swift */; };
		18C47BF51FF2AD9A00D2FCB3 /* BaseWebService.swift in Sources */ = {isa = PBXBuildFile; fileRef = 18C47BF41FF2AD9A00D2FCB3 /* BaseWebService.swift */; };
		18C47BF71FF2B34F00D2FCB3 /* OpenWeatherWebService.swift in Sources */ = {isa = PBXBuildFile; fileRef = 18C47BF61FF2B34F00D2FCB3 /* OpenWeatherWebService.swift */; };
		18C47BF91FF2BCA300D2FCB3 /* OpenWeatherConfiguration.swift in Sources */ = {isa = PBXBuildFile; fileRef = 18C47BF81FF2BCA300D2FCB3 /* OpenWeatherConfiguration.swift */; };
		18C47BFB1FF2BDD600D2FCB3 /* OpenWeatherConfiguration+Default.swift in Sources */ = {isa = PBXBuildFile; fileRef = 18C47BFA1FF2BDD600D2FCB3 /* OpenWeatherConfiguration+Default.swift */; };
		18C47BFD1FF40D7800D2FCB3 /* ForecastCell.swift in Sources */ = {isa = PBXBuildFile; fileRef = 18C47BFC1FF40D7800D2FCB3 /* ForecastCell.swift */; };
		18C47BFF1FF419D700D2FCB3 /* WeatherType.swift in Sources */ = {isa = PBXBuildFile; fileRef = 18C47BFE1FF419D700D2FCB3 /* WeatherType.swift */; };
		18C47C011FF41B9000D2FCB3 /* WeatherType+Color.swift in Sources */ = {isa = PBXBuildFile; fileRef = 18C47C001FF41B9000D2FCB3 /* WeatherType+Color.swift */; };
/* End PBXBuildFile section */

/* Begin PBXContainerItemProxy section */
		1872534C1FF2895700CECD5B /* PBXContainerItemProxy */ = {
			isa = PBXContainerItemProxy;
			containerPortal = 1872532F1FF2895700CECD5B /* Project object */;
			proxyType = 1;
			remoteGlobalIDString = 187253361FF2895700CECD5B;
			remoteInfo = Weather;
		};
		187253571FF2895700CECD5B /* PBXContainerItemProxy */ = {
			isa = PBXContainerItemProxy;
			containerPortal = 1872532F1FF2895700CECD5B /* Project object */;
			proxyType = 1;
			remoteGlobalIDString = 187253361FF2895700CECD5B;
			remoteInfo = Weather;
		};
/* End PBXContainerItemProxy section */

/* Begin PBXFileReference section */
		187253371FF2895700CECD5B /* Weather.app */ = {isa = PBXFileReference; explicitFileType = wrapper.application; includeInIndex = 0; path = Weather.app; sourceTree = BUILT_PRODUCTS_DIR; };
		1872533A1FF2895700CECD5B /* AppDelegate.swift */ = {isa = PBXFileReference; lastKnownFileType = sourcecode.swift; path = AppDelegate.swift; sourceTree = "<group>"; };
		1872533C1FF2895700CECD5B /* ViewController.swift */ = {isa = PBXFileReference; lastKnownFileType = sourcecode.swift; path = ViewController.swift; sourceTree = "<group>"; };
		1872533F1FF2895700CECD5B /* Base */ = {isa = PBXFileReference; lastKnownFileType = file.storyboard; name = Base; path = Base.lproj/Main.storyboard; sourceTree = "<group>"; };
		187253411FF2895700CECD5B /* Assets.xcassets */ = {isa = PBXFileReference; lastKnownFileType = folder.assetcatalog; path = Assets.xcassets; sourceTree = "<group>"; };
		187253441FF2895700CECD5B /* Base */ = {isa = PBXFileReference; lastKnownFileType = file.storyboard; name = Base; path = Base.lproj/LaunchScreen.storyboard; sourceTree = "<group>"; };
		187253461FF2895700CECD5B /* Info.plist */ = {isa = PBXFileReference; lastKnownFileType = text.plist.xml; path = Info.plist; sourceTree = "<group>"; };
		1872534B1FF2895700CECD5B /* WeatherTests.xctest */ = {isa = PBXFileReference; explicitFileType = wrapper.cfbundle; includeInIndex = 0; path = WeatherTests.xctest; sourceTree = BUILT_PRODUCTS_DIR; };
		1872534F1FF2895700CECD5B /* WeatherTests.swift */ = {isa = PBXFileReference; lastKnownFileType = sourcecode.swift; path = WeatherTests.swift; sourceTree = "<group>"; };
		187253511FF2895700CECD5B /* Info.plist */ = {isa = PBXFileReference; lastKnownFileType = text.plist.xml; path = Info.plist; sourceTree = "<group>"; };
		187253561FF2895700CECD5B /* WeatherUITests.xctest */ = {isa = PBXFileReference; explicitFileType = wrapper.cfbundle; includeInIndex = 0; path = WeatherUITests.xctest; sourceTree = BUILT_PRODUCTS_DIR; };
		1872535A1FF2895700CECD5B /* WeatherUITests.swift */ = {isa = PBXFileReference; lastKnownFileType = sourcecode.swift; path = WeatherUITests.swift; sourceTree = "<group>"; };
		1872535C1FF2895700CECD5B /* Info.plist */ = {isa = PBXFileReference; lastKnownFileType = text.plist.xml; path = Info.plist; sourceTree = "<group>"; };
		18C47BEC1FF28B8400D2FCB3 /* Forecast.swift */ = {isa = PBXFileReference; lastKnownFileType = sourcecode.swift; path = Forecast.swift; sourceTree = "<group>"; };
		18C47BEE1FF297D000D2FCB3 /* Forecast+Codable.swift */ = {isa = PBXFileReference; lastKnownFileType = sourcecode.swift; path = "Forecast+Codable.swift"; sourceTree = "<group>"; };
		18C47BF01FF298ED00D2FCB3 /* ForecastTests.swift */ = {isa = PBXFileReference; lastKnownFileType = sourcecode.swift; path = ForecastTests.swift; sourceTree = "<group>"; };
		18C47BF41FF2AD9A00D2FCB3 /* BaseWebService.swift */ = {isa = PBXFileReference; fileEncoding = 4; lastKnownFileType = sourcecode.swift; path = BaseWebService.swift; sourceTree = "<group>"; };
		18C47BF61FF2B34F00D2FCB3 /* OpenWeatherWebService.swift */ = {isa = PBXFileReference; lastKnownFileType = sourcecode.swift; path = OpenWeatherWebService.swift; sourceTree = "<group>"; };
		18C47BF81FF2BCA300D2FCB3 /* OpenWeatherConfiguration.swift */ = {isa = PBXFileReference; lastKnownFileType = sourcecode.swift; path = OpenWeatherConfiguration.swift; sourceTree = "<group>"; };
		18C47BFA1FF2BDD600D2FCB3 /* OpenWeatherConfiguration+Default.swift */ = {isa = PBXFileReference; lastKnownFileType = sourcecode.swift; path = "OpenWeatherConfiguration+Default.swift"; sourceTree = "<group>"; };
		18C47BFC1FF40D7800D2FCB3 /* ForecastCell.swift */ = {isa = PBXFileReference; lastKnownFileType = sourcecode.swift; path = ForecastCell.swift; sourceTree = "<group>"; };
		18C47BFE1FF419D700D2FCB3 /* WeatherType.swift */ = {isa = PBXFileReference; lastKnownFileType = sourcecode.swift; path = WeatherType.swift; sourceTree = "<group>"; };
		18C47C001FF41B9000D2FCB3 /* WeatherType+Color.swift */ = {isa = PBXFileReference; lastKnownFileType = sourcecode.swift; path = "WeatherType+Color.swift"; sourceTree = "<group>"; };
/* End PBXFileReference section */

/* Begin PBXFrameworksBuildPhase section */
		187253341FF2895700CECD5B /* Frameworks */ = {
			isa = PBXFrameworksBuildPhase;
			buildActionMask = 2147483647;
			files = (
			);
			runOnlyForDeploymentPostprocessing = 0;
		};
		187253481FF2895700CECD5B /* Frameworks */ = {
			isa = PBXFrameworksBuildPhase;
			buildActionMask = 2147483647;
			files = (
			);
			runOnlyForDeploymentPostprocessing = 0;
		};
		187253531FF2895700CECD5B /* Frameworks */ = {
			isa = PBXFrameworksBuildPhase;
			buildActionMask = 2147483647;
			files = (
			);
			runOnlyForDeploymentPostprocessing = 0;
		};
/* End PBXFrameworksBuildPhase section */

/* Begin PBXGroup section */
		1872532E1FF2895700CECD5B = {
			isa = PBXGroup;
			children = (
				187253391FF2895700CECD5B /* Weather */,
				1872534E1FF2895700CECD5B /* WeatherTests */,
				187253591FF2895700CECD5B /* WeatherUITests */,
				187253381FF2895700CECD5B /* Products */,
			);
			sourceTree = "<group>";
		};
		187253381FF2895700CECD5B /* Products */ = {
			isa = PBXGroup;
			children = (
				187253371FF2895700CECD5B /* Weather.app */,
				1872534B1FF2895700CECD5B /* WeatherTests.xctest */,
				187253561FF2895700CECD5B /* WeatherUITests.xctest */,
			);
			name = Products;
			sourceTree = "<group>";
		};
		187253391FF2895700CECD5B /* Weather */ = {
			isa = PBXGroup;
			children = (
				1872533A1FF2895700CECD5B /* AppDelegate.swift */,
				18C47BF31FF2AD1F00D2FCB3 /* Network */,
				18C47BF21FF2ACBE00D2FCB3 /* Model */,
				1872533C1FF2895700CECD5B /* ViewController.swift */,
				18C47BFC1FF40D7800D2FCB3 /* ForecastCell.swift */,
				18C47C001FF41B9000D2FCB3 /* WeatherType+Color.swift */,
				1872533E1FF2895700CECD5B /* Main.storyboard */,
				187253411FF2895700CECD5B /* Assets.xcassets */,
				187253431FF2895700CECD5B /* LaunchScreen.storyboard */,
				187253461FF2895700CECD5B /* Info.plist */,
			);
			path = Weather;
			sourceTree = "<group>";
		};
		1872534E1FF2895700CECD5B /* WeatherTests */ = {
			isa = PBXGroup;
			children = (
				1872534F1FF2895700CECD5B /* WeatherTests.swift */,
				18C47BF01FF298ED00D2FCB3 /* ForecastTests.swift */,
				187253511FF2895700CECD5B /* Info.plist */,
			);
			path = WeatherTests;
			sourceTree = "<group>";
		};
		187253591FF2895700CECD5B /* WeatherUITests */ = {
			isa = PBXGroup;
			children = (
				1872535A1FF2895700CECD5B /* WeatherUITests.swift */,
				1872535C1FF2895700CECD5B /* Info.plist */,
			);
			path = WeatherUITests;
			sourceTree = "<group>";
		};
		18C47BF21FF2ACBE00D2FCB3 /* Model */ = {
			isa = PBXGroup;
			children = (
				18C47BEC1FF28B8400D2FCB3 /* Forecast.swift */,
				18C47BFE1FF419D700D2FCB3 /* WeatherType.swift */,
				18C47BEE1FF297D000D2FCB3 /* Forecast+Codable.swift */,
			);
			path = Model;
			sourceTree = "<group>";
		};
		18C47BF31FF2AD1F00D2FCB3 /* Network */ = {
			isa = PBXGroup;
			children = (
				18C47BF41FF2AD9A00D2FCB3 /* BaseWebService.swift */,
				18C47BF61FF2B34F00D2FCB3 /* OpenWeatherWebService.swift */,
				18C47BF81FF2BCA300D2FCB3 /* OpenWeatherConfiguration.swift */,
				18C47BFA1FF2BDD600D2FCB3 /* OpenWeatherConfiguration+Default.swift */,
			);
			path = Network;
			sourceTree = "<group>";
		};
/* End PBXGroup section */

/* Begin PBXNativeTarget section */
		187253361FF2895700CECD5B /* Weather */ = {
			isa = PBXNativeTarget;
			buildConfigurationList = 1872535F1FF2895700CECD5B /* Build configuration list for PBXNativeTarget "Weather" */;
			buildPhases = (
				187253331FF2895700CECD5B /* Sources */,
				187253341FF2895700CECD5B /* Frameworks */,
				187253351FF2895700CECD5B /* Resources */,
			);
			buildRules = (
			);
			dependencies = (
			);
			name = Weather;
			productName = Weather;
			productReference = 187253371FF2895700CECD5B /* Weather.app */;
			productType = "com.apple.product-type.application";
		};
		1872534A1FF2895700CECD5B /* WeatherTests */ = {
			isa = PBXNativeTarget;
			buildConfigurationList = 187253621FF2895700CECD5B /* Build configuration list for PBXNativeTarget "WeatherTests" */;
			buildPhases = (
				187253471FF2895700CECD5B /* Sources */,
				187253481FF2895700CECD5B /* Frameworks */,
				187253491FF2895700CECD5B /* Resources */,
			);
			buildRules = (
			);
			dependencies = (
				1872534D1FF2895700CECD5B /* PBXTargetDependency */,
			);
			name = WeatherTests;
			productName = WeatherTests;
			productReference = 1872534B1FF2895700CECD5B /* WeatherTests.xctest */;
			productType = "com.apple.product-type.bundle.unit-test";
		};
		187253551FF2895700CECD5B /* WeatherUITests */ = {
			isa = PBXNativeTarget;
			buildConfigurationList = 187253651FF2895700CECD5B /* Build configuration list for PBXNativeTarget "WeatherUITests" */;
			buildPhases = (
				187253521FF2895700CECD5B /* Sources */,
				187253531FF2895700CECD5B /* Frameworks */,
				187253541FF2895700CECD5B /* Resources */,
			);
			buildRules = (
			);
			dependencies = (
				187253581FF2895700CECD5B /* PBXTargetDependency */,
			);
			name = WeatherUITests;
			productName = WeatherUITests;
			productReference = 187253561FF2895700CECD5B /* WeatherUITests.xctest */;
			productType = "com.apple.product-type.bundle.ui-testing";
		};
/* End PBXNativeTarget section */

/* Begin PBXProject section */
		1872532F1FF2895700CECD5B /* Project object */ = {
			isa = PBXProject;
			attributes = {
				LastSwiftUpdateCheck = 0920;
				LastUpgradeCheck = 0920;
				ORGANIZATIONNAME = "Clément NONN";
				TargetAttributes = {
					187253361FF2895700CECD5B = {
						CreatedOnToolsVersion = 9.2;
						ProvisioningStyle = Automatic;
					};
					1872534A1FF2895700CECD5B = {
						CreatedOnToolsVersion = 9.2;
						ProvisioningStyle = Automatic;
						TestTargetID = 187253361FF2895700CECD5B;
					};
					187253551FF2895700CECD5B = {
						CreatedOnToolsVersion = 9.2;
						ProvisioningStyle = Automatic;
						TestTargetID = 187253361FF2895700CECD5B;
					};
				};
			};
			buildConfigurationList = 187253321FF2895700CECD5B /* Build configuration list for PBXProject "Weather" */;
			compatibilityVersion = "Xcode 8.0";
			developmentRegion = en;
			hasScannedForEncodings = 0;
			knownRegions = (
				en,
				Base,
			);
			mainGroup = 1872532E1FF2895700CECD5B;
			productRefGroup = 187253381FF2895700CECD5B /* Products */;
			projectDirPath = "";
			projectRoot = "";
			targets = (
				187253361FF2895700CECD5B /* Weather */,
				1872534A1FF2895700CECD5B /* WeatherTests */,
				187253551FF2895700CECD5B /* WeatherUITests */,
			);
		};
/* End PBXProject section */

/* Begin PBXResourcesBuildPhase section */
		187253351FF2895700CECD5B /* Resources */ = {
			isa = PBXResourcesBuildPhase;
			buildActionMask = 2147483647;
			files = (
				187253451FF2895700CECD5B /* LaunchScreen.storyboard in Resources */,
				187253421FF2895700CECD5B /* Assets.xcassets in Resources */,
				187253401FF2895700CECD5B /* Main.storyboard in Resources */,
			);
			runOnlyForDeploymentPostprocessing = 0;
		};
		187253491FF2895700CECD5B /* Resources */ = {
			isa = PBXResourcesBuildPhase;
			buildActionMask = 2147483647;
			files = (
			);
			runOnlyForDeploymentPostprocessing = 0;
		};
		187253541FF2895700CECD5B /* Resources */ = {
			isa = PBXResourcesBuildPhase;
			buildActionMask = 2147483647;
			files = (
			);
			runOnlyForDeploymentPostprocessing = 0;
		};
/* End PBXResourcesBuildPhase section */

/* Begin PBXSourcesBuildPhase section */
		187253331FF2895700CECD5B /* Sources */ = {
			isa = PBXSourcesBuildPhase;
			buildActionMask = 2147483647;
			files = (
				18C47BFF1FF419D700D2FCB3 /* WeatherType.swift in Sources */,
				1872533D1FF2895700CECD5B /* ViewController.swift in Sources */,
				18C47C011FF41B9000D2FCB3 /* WeatherType+Color.swift in Sources */,
				18C47BEF1FF297D000D2FCB3 /* Forecast+Codable.swift in Sources */,
				18C47BF91FF2BCA300D2FCB3 /* OpenWeatherConfiguration.swift in Sources */,
				18C47BFB1FF2BDD600D2FCB3 /* OpenWeatherConfiguration+Default.swift in Sources */,
				18C47BFD1FF40D7800D2FCB3 /* ForecastCell.swift in Sources */,
				18C47BED1FF28B8400D2FCB3 /* Forecast.swift in Sources */,
				18C47BF71FF2B34F00D2FCB3 /* OpenWeatherWebService.swift in Sources */,
				18C47BF51FF2AD9A00D2FCB3 /* BaseWebService.swift in Sources */,
				1872533B1FF2895700CECD5B /* AppDelegate.swift in Sources */,
			);
			runOnlyForDeploymentPostprocessing = 0;
		};
		187253471FF2895700CECD5B /* Sources */ = {
			isa = PBXSourcesBuildPhase;
			buildActionMask = 2147483647;
			files = (
				18C47BF11FF298ED00D2FCB3 /* ForecastTests.swift in Sources */,
				187253501FF2895700CECD5B /* WeatherTests.swift in Sources */,
			);
			runOnlyForDeploymentPostprocessing = 0;
		};
		187253521FF2895700CECD5B /* Sources */ = {
			isa = PBXSourcesBuildPhase;
			buildActionMask = 2147483647;
			files = (
				1872535B1FF2895700CECD5B /* WeatherUITests.swift in Sources */,
			);
			runOnlyForDeploymentPostprocessing = 0;
		};
/* End PBXSourcesBuildPhase section */

/* Begin PBXTargetDependency section */
		1872534D1FF2895700CECD5B /* PBXTargetDependency */ = {
			isa = PBXTargetDependency;
			target = 187253361FF2895700CECD5B /* Weather */;
			targetProxy = 1872534C1FF2895700CECD5B /* PBXContainerItemProxy */;
		};
		187253581FF2895700CECD5B /* PBXTargetDependency */ = {
			isa = PBXTargetDependency;
			target = 187253361FF2895700CECD5B /* Weather */;
			targetProxy = 187253571FF2895700CECD5B /* PBXContainerItemProxy */;
		};
/* End PBXTargetDependency section */

/* Begin PBXVariantGroup section */
		1872533E1FF2895700CECD5B /* Main.storyboard */ = {
			isa = PBXVariantGroup;
			children = (
				1872533F1FF2895700CECD5B /* Base */,
			);
			name = Main.storyboard;
			sourceTree = "<group>";
		};
		187253431FF2895700CECD5B /* LaunchScreen.storyboard */ = {
			isa = PBXVariantGroup;
			children = (
				187253441FF2895700CECD5B /* Base */,
			);
			name = LaunchScreen.storyboard;
			sourceTree = "<group>";
		};
/* End PBXVariantGroup section */

/* Begin XCBuildConfiguration section */
		1872535D1FF2895700CECD5B /* Debug */ = {
			isa = XCBuildConfiguration;
			buildSettings = {
				ALWAYS_SEARCH_USER_PATHS = NO;
				CLANG_ANALYZER_NONNULL = YES;
				CLANG_ANALYZER_NUMBER_OBJECT_CONVERSION = YES_AGGRESSIVE;
				CLANG_CXX_LANGUAGE_STANDARD = "gnu++14";
				CLANG_CXX_LIBRARY = "libc++";
				CLANG_ENABLE_MODULES = YES;
				CLANG_ENABLE_OBJC_ARC = YES;
				CLANG_WARN_BLOCK_CAPTURE_AUTORELEASING = YES;
				CLANG_WARN_BOOL_CONVERSION = YES;
				CLANG_WARN_COMMA = YES;
				CLANG_WARN_CONSTANT_CONVERSION = YES;
				CLANG_WARN_DIRECT_OBJC_ISA_USAGE = YES_ERROR;
				CLANG_WARN_DOCUMENTATION_COMMENTS = YES;
				CLANG_WARN_EMPTY_BODY = YES;
				CLANG_WARN_ENUM_CONVERSION = YES;
				CLANG_WARN_INFINITE_RECURSION = YES;
				CLANG_WARN_INT_CONVERSION = YES;
				CLANG_WARN_NON_LITERAL_NULL_CONVERSION = YES;
				CLANG_WARN_OBJC_LITERAL_CONVERSION = YES;
				CLANG_WARN_OBJC_ROOT_CLASS = YES_ERROR;
				CLANG_WARN_RANGE_LOOP_ANALYSIS = YES;
				CLANG_WARN_STRICT_PROTOTYPES = YES;
				CLANG_WARN_SUSPICIOUS_MOVE = YES;
				CLANG_WARN_UNGUARDED_AVAILABILITY = YES_AGGRESSIVE;
				CLANG_WARN_UNREACHABLE_CODE = YES;
				CLANG_WARN__DUPLICATE_METHOD_MATCH = YES;
				CODE_SIGN_IDENTITY = "iPhone Developer";
				COPY_PHASE_STRIP = NO;
				DEBUG_INFORMATION_FORMAT = dwarf;
				ENABLE_STRICT_OBJC_MSGSEND = YES;
				ENABLE_TESTABILITY = YES;
				GCC_C_LANGUAGE_STANDARD = gnu11;
				GCC_DYNAMIC_NO_PIC = NO;
				GCC_NO_COMMON_BLOCKS = YES;
				GCC_OPTIMIZATION_LEVEL = 0;
				GCC_PREPROCESSOR_DEFINITIONS = (
					"DEBUG=1",
					"$(inherited)",
				);
				GCC_WARN_64_TO_32_BIT_CONVERSION = YES;
				GCC_WARN_ABOUT_RETURN_TYPE = YES_ERROR;
				GCC_WARN_UNDECLARED_SELECTOR = YES;
				GCC_WARN_UNINITIALIZED_AUTOS = YES_AGGRESSIVE;
				GCC_WARN_UNUSED_FUNCTION = YES;
				GCC_WARN_UNUSED_VARIABLE = YES;
				IPHONEOS_DEPLOYMENT_TARGET = 10.3;
				MTL_ENABLE_DEBUG_INFO = YES;
				ONLY_ACTIVE_ARCH = YES;
				SDKROOT = iphoneos;
				SWIFT_ACTIVE_COMPILATION_CONDITIONS = DEBUG;
				SWIFT_OPTIMIZATION_LEVEL = "-Onone";
			};
			name = Debug;
		};
		1872535E1FF2895700CECD5B /* Release */ = {
			isa = XCBuildConfiguration;
			buildSettings = {
				ALWAYS_SEARCH_USER_PATHS = NO;
				CLANG_ANALYZER_NONNULL = YES;
				CLANG_ANALYZER_NUMBER_OBJECT_CONVERSION = YES_AGGRESSIVE;
				CLANG_CXX_LANGUAGE_STANDARD = "gnu++14";
				CLANG_CXX_LIBRARY = "libc++";
				CLANG_ENABLE_MODULES = YES;
				CLANG_ENABLE_OBJC_ARC = YES;
				CLANG_WARN_BLOCK_CAPTURE_AUTORELEASING = YES;
				CLANG_WARN_BOOL_CONVERSION = YES;
				CLANG_WARN_COMMA = YES;
				CLANG_WARN_CONSTANT_CONVERSION = YES;
				CLANG_WARN_DIRECT_OBJC_ISA_USAGE = YES_ERROR;
				CLANG_WARN_DOCUMENTATION_COMMENTS = YES;
				CLANG_WARN_EMPTY_BODY = YES;
				CLANG_WARN_ENUM_CONVERSION = YES;
				CLANG_WARN_INFINITE_RECURSION = YES;
				CLANG_WARN_INT_CONVERSION = YES;
				CLANG_WARN_NON_LITERAL_NULL_CONVERSION = YES;
				CLANG_WARN_OBJC_LITERAL_CONVERSION = YES;
				CLANG_WARN_OBJC_ROOT_CLASS = YES_ERROR;
				CLANG_WARN_RANGE_LOOP_ANALYSIS = YES;
				CLANG_WARN_STRICT_PROTOTYPES = YES;
				CLANG_WARN_SUSPICIOUS_MOVE = YES;
				CLANG_WARN_UNGUARDED_AVAILABILITY = YES_AGGRESSIVE;
				CLANG_WARN_UNREACHABLE_CODE = YES;
				CLANG_WARN__DUPLICATE_METHOD_MATCH = YES;
				CODE_SIGN_IDENTITY = "iPhone Developer";
				COPY_PHASE_STRIP = NO;
				DEBUG_INFORMATION_FORMAT = "dwarf-with-dsym";
				ENABLE_NS_ASSERTIONS = NO;
				ENABLE_STRICT_OBJC_MSGSEND = YES;
				GCC_C_LANGUAGE_STANDARD = gnu11;
				GCC_NO_COMMON_BLOCKS = YES;
				GCC_WARN_64_TO_32_BIT_CONVERSION = YES;
				GCC_WARN_ABOUT_RETURN_TYPE = YES_ERROR;
				GCC_WARN_UNDECLARED_SELECTOR = YES;
				GCC_WARN_UNINITIALIZED_AUTOS = YES_AGGRESSIVE;
				GCC_WARN_UNUSED_FUNCTION = YES;
				GCC_WARN_UNUSED_VARIABLE = YES;
				IPHONEOS_DEPLOYMENT_TARGET = 10.3;
				MTL_ENABLE_DEBUG_INFO = NO;
				SDKROOT = iphoneos;
				SWIFT_OPTIMIZATION_LEVEL = "-Owholemodule";
				VALIDATE_PRODUCT = YES;
			};
			name = Release;
		};
		187253601FF2895700CECD5B /* Debug */ = {
			isa = XCBuildConfiguration;
			buildSettings = {
				ASSETCATALOG_COMPILER_APPICON_NAME = AppIcon;
				CODE_SIGN_STYLE = Automatic;
				DEVELOPMENT_TEAM = V645YUN93L;
				INFOPLIST_FILE = Weather/Info.plist;
				LD_RUNPATH_SEARCH_PATHS = "$(inherited) @executable_path/Frameworks";
				PRODUCT_BUNDLE_IDENTIFIER = clement.nonn.Weather;
				PRODUCT_NAME = "$(TARGET_NAME)";
				SWIFT_VERSION = 4.0;
				TARGETED_DEVICE_FAMILY = "1,2";
			};
			name = Debug;
		};
		187253611FF2895700CECD5B /* Release */ = {
			isa = XCBuildConfiguration;
			buildSettings = {
				ASSETCATALOG_COMPILER_APPICON_NAME = AppIcon;
				CODE_SIGN_STYLE = Automatic;
				DEVELOPMENT_TEAM = V645YUN93L;
				INFOPLIST_FILE = Weather/Info.plist;
				LD_RUNPATH_SEARCH_PATHS = "$(inherited) @executable_path/Frameworks";
				PRODUCT_BUNDLE_IDENTIFIER = clement.nonn.Weather;
				PRODUCT_NAME = "$(TARGET_NAME)";
				SWIFT_VERSION = 4.0;
				TARGETED_DEVICE_FAMILY = "1,2";
			};
			name = Release;
		};
		187253631FF2895700CECD5B /* Debug */ = {
			isa = XCBuildConfiguration;
			buildSettings = {
				ALWAYS_EMBED_SWIFT_STANDARD_LIBRARIES = YES;
				BUNDLE_LOADER = "$(TEST_HOST)";
				CODE_SIGN_STYLE = Automatic;
				DEVELOPMENT_TEAM = V645YUN93L;
				INFOPLIST_FILE = WeatherTests/Info.plist;
				LD_RUNPATH_SEARCH_PATHS = "$(inherited) @executable_path/Frameworks @loader_path/Frameworks";
				PRODUCT_BUNDLE_IDENTIFIER = clement.nonn.WeatherTests;
				PRODUCT_NAME = "$(TARGET_NAME)";
				SWIFT_VERSION = 4.0;
				TARGETED_DEVICE_FAMILY = "1,2";
				TEST_HOST = "$(BUILT_PRODUCTS_DIR)/Weather.app/Weather";
			};
			name = Debug;
		};
		187253641FF2895700CECD5B /* Release */ = {
			isa = XCBuildConfiguration;
			buildSettings = {
				ALWAYS_EMBED_SWIFT_STANDARD_LIBRARIES = YES;
				BUNDLE_LOADER = "$(TEST_HOST)";
				CODE_SIGN_STYLE = Automatic;
				DEVELOPMENT_TEAM = V645YUN93L;
				INFOPLIST_FILE = WeatherTests/Info.plist;
				LD_RUNPATH_SEARCH_PATHS = "$(inherited) @executable_path/Frameworks @loader_path/Frameworks";
				PRODUCT_BUNDLE_IDENTIFIER = clement.nonn.WeatherTests;
				PRODUCT_NAME = "$(TARGET_NAME)";
				SWIFT_VERSION = 4.0;
				TARGETED_DEVICE_FAMILY = "1,2";
				TEST_HOST = "$(BUILT_PRODUCTS_DIR)/Weather.app/Weather";
			};
			name = Release;
		};
		187253661FF2895700CECD5B /* Debug */ = {
			isa = XCBuildConfiguration;
			buildSettings = {
				ALWAYS_EMBED_SWIFT_STANDARD_LIBRARIES = YES;
				CODE_SIGN_STYLE = Automatic;
				DEVELOPMENT_TEAM = V645YUN93L;
				INFOPLIST_FILE = WeatherUITests/Info.plist;
				LD_RUNPATH_SEARCH_PATHS = "$(inherited) @executable_path/Frameworks @loader_path/Frameworks";
				PRODUCT_BUNDLE_IDENTIFIER = clement.nonn.WeatherUITests;
				PRODUCT_NAME = "$(TARGET_NAME)";
				SWIFT_VERSION = 4.0;
				TARGETED_DEVICE_FAMILY = "1,2";
				TEST_TARGET_NAME = Weather;
			};
			name = Debug;
		};
		187253671FF2895700CECD5B /* Release */ = {
			isa = XCBuildConfiguration;
			buildSettings = {
				ALWAYS_EMBED_SWIFT_STANDARD_LIBRARIES = YES;
				CODE_SIGN_STYLE = Automatic;
				DEVELOPMENT_TEAM = V645YUN93L;
				INFOPLIST_FILE = WeatherUITests/Info.plist;
				LD_RUNPATH_SEARCH_PATHS = "$(inherited) @executable_path/Frameworks @loader_path/Frameworks";
				PRODUCT_BUNDLE_IDENTIFIER = clement.nonn.WeatherUITests;
				PRODUCT_NAME = "$(TARGET_NAME)";
				SWIFT_VERSION = 4.0;
				TARGETED_DEVICE_FAMILY = "1,2";
				TEST_TARGET_NAME = Weather;
			};
			name = Release;
		};
/* End XCBuildConfiguration section */

/* Begin XCConfigurationList section */
		187253321FF2895700CECD5B /* Build configuration list for PBXProject "Weather" */ = {
			isa = XCConfigurationList;
			buildConfigurations = (
				1872535D1FF2895700CECD5B /* Debug */,
				1872535E1FF2895700CECD5B /* Release */,
			);
			defaultConfigurationIsVisible = 0;
			defaultConfigurationName = Release;
		};
		1872535F1FF2895700CECD5B /* Build configuration list for PBXNativeTarget "Weather" */ = {
			isa = XCConfigurationList;
			buildConfigurations = (
				187253601FF2895700CECD5B /* Debug */,
				187253611FF2895700CECD5B /* Release */,
			);
			defaultConfigurationIsVisible = 0;
			defaultConfigurationName = Release;
		};
		187253621FF2895700CECD5B /* Build configuration list for PBXNativeTarget "WeatherTests" */ = {
			isa = XCConfigurationList;
			buildConfigurations = (
				187253631FF2895700CECD5B /* Debug */,
				187253641FF2895700CECD5B /* Release */,
			);
			defaultConfigurationIsVisible = 0;
			defaultConfigurationName = Release;
		};
		187253651FF2895700CECD5B /* Build configuration list for PBXNativeTarget "WeatherUITests" */ = {
			isa = XCConfigurationList;
			buildConfigurations = (
				187253661FF2895700CECD5B /* Debug */,
				187253671FF2895700CECD5B /* Release */,
			);
			defaultConfigurationIsVisible = 0;
			defaultConfigurationName = Release;
		};
/* End XCConfigurationList section */
	};
	rootObject = 1872532F1FF2895700CECD5B /* Project object */;
}
